
Microsoft Visual Studio Solution File, Format Version 12.00
# Visual Studio 14
VisualStudioVersion = 14.0.25123.0
MinimumVisualStudioVersion = 10.0.40219.1
Project("{2150E333-8FDC-42A3-9474-1A3956D46DE8}") = "src", "src", "{5243DE57-7C89-4208-8876-405E13605D16}"
EndProject
Project("{2150E333-8FDC-42A3-9474-1A3956D46DE8}") = "Solution Items", "Solution Items", "{D153CE69-0248-433D-96EC-80557203D54E}"
	ProjectSection(SolutionItems) = preProject
		global.json = global.json
	EndProjectSection
EndProject
Project("{8BB2217D-0F2D-49D1-97BC-3654ED321F3B}") = "cloudscribe.SimpleContent.Models", "src\cloudscribe.SimpleContent.Models\cloudscribe.SimpleContent.Models.xproj", "{8D2014C8-8699-45A1-A47D-46B392678722}"
EndProject
Project("{8BB2217D-0F2D-49D1-97BC-3654ED321F3B}") = "example.WebApp", "src\example.WebApp\example.WebApp.xproj", "{270305AD-6913-49C9-82E6-6D4713591DAB}"
EndProject
Project("{8BB2217D-0F2D-49D1-97BC-3654ED321F3B}") = "cloudscribe.SimpleContent.Storage.NoDb", "src\cloudscribe.SimpleContent.Storage.NoDb\cloudscribe.SimpleContent.Storage.NoDb.xproj", "{325BCC90-44DF-40B7-ADAC-F2C0FCBE9525}"
EndProject
Project("{8BB2217D-0F2D-49D1-97BC-3654ED321F3B}") = "cloudscribe.SimpleContent.MetaWeblog", "src\cloudscribe.SimpleContent.MetaWeblog\cloudscribe.SimpleContent.MetaWeblog.xproj", "{80EAB768-C2FC-4D61-A185-5A51314B8505}"
EndProject
Project("{8BB2217D-0F2D-49D1-97BC-3654ED321F3B}") = "cloudscribe.SimpleContent.Syndication", "src\cloudscribe.SimpleContent.Syndication\cloudscribe.SimpleContent.Syndication.xproj", "{CA2F82DA-6218-4520-AD21-6B7BC27414DD}"
EndProject
Project("{8BB2217D-0F2D-49D1-97BC-3654ED321F3B}") = "cloudscribe.SimpleContent.Security.SimpleAuth", "src\cloudscribe.SimpleContent.Security.SimpleAuth\cloudscribe.SimpleContent.Security.SimpleAuth.xproj", "{495BACBA-D796-44CF-ACBD-3678D4BF9679}"
EndProject
Project("{8BB2217D-0F2D-49D1-97BC-3654ED321F3B}") = "cloudscribe.SimpleContent.Web", "src\cloudscribe.SimpleContent.Web\cloudscribe.SimpleContent.Web.xproj", "{93EB904A-E929-4B6E-B135-8A34DB2E8CD8}"
EndProject
Global
	GlobalSection(SolutionConfigurationPlatforms) = preSolution
		Debug|Any CPU = Debug|Any CPU
		Release|Any CPU = Release|Any CPU
	EndGlobalSection
	GlobalSection(ProjectConfigurationPlatforms) = postSolution
		{8D2014C8-8699-45A1-A47D-46B392678722}.Debug|Any CPU.ActiveCfg = Debug|Any CPU
		{8D2014C8-8699-45A1-A47D-46B392678722}.Debug|Any CPU.Build.0 = Debug|Any CPU
		{8D2014C8-8699-45A1-A47D-46B392678722}.Release|Any CPU.ActiveCfg = Release|Any CPU
		{8D2014C8-8699-45A1-A47D-46B392678722}.Release|Any CPU.Build.0 = Release|Any CPU
		{270305AD-6913-49C9-82E6-6D4713591DAB}.Debug|Any CPU.ActiveCfg = Debug|Any CPU
		{270305AD-6913-49C9-82E6-6D4713591DAB}.Debug|Any CPU.Build.0 = Debug|Any CPU
		{270305AD-6913-49C9-82E6-6D4713591DAB}.Release|Any CPU.ActiveCfg = Release|Any CPU
		{270305AD-6913-49C9-82E6-6D4713591DAB}.Release|Any CPU.Build.0 = Release|Any CPU
		{325BCC90-44DF-40B7-ADAC-F2C0FCBE9525}.Debug|Any CPU.ActiveCfg = Debug|Any CPU
		{325BCC90-44DF-40B7-ADAC-F2C0FCBE9525}.Debug|Any CPU.Build.0 = Debug|Any CPU
		{325BCC90-44DF-40B7-ADAC-F2C0FCBE9525}.Release|Any CPU.ActiveCfg = Release|Any CPU
		{325BCC90-44DF-40B7-ADAC-F2C0FCBE9525}.Release|Any CPU.Build.0 = Release|Any CPU
		{80EAB768-C2FC-4D61-A185-5A51314B8505}.Debug|Any CPU.ActiveCfg = Debug|Any CPU
		{80EAB768-C2FC-4D61-A185-5A51314B8505}.Debug|Any CPU.Build.0 = Debug|Any CPU
		{80EAB768-C2FC-4D61-A185-5A51314B8505}.Release|Any CPU.ActiveCfg = Release|Any CPU
		{80EAB768-C2FC-4D61-A185-5A51314B8505}.Release|Any CPU.Build.0 = Release|Any CPU
		{CA2F82DA-6218-4520-AD21-6B7BC27414DD}.Debug|Any CPU.ActiveCfg = Debug|Any CPU
		{CA2F82DA-6218-4520-AD21-6B7BC27414DD}.Debug|Any CPU.Build.0 = Debug|Any CPU
		{CA2F82DA-6218-4520-AD21-6B7BC27414DD}.Release|Any CPU.ActiveCfg = Release|Any CPU
		{CA2F82DA-6218-4520-AD21-6B7BC27414DD}.Release|Any CPU.Build.0 = Release|Any CPU
		{495BACBA-D796-44CF-ACBD-3678D4BF9679}.Debug|Any CPU.ActiveCfg = Debug|Any CPU
		{495BACBA-D796-44CF-ACBD-3678D4BF9679}.Debug|Any CPU.Build.0 = Debug|Any CPU
		{495BACBA-D796-44CF-ACBD-3678D4BF9679}.Release|Any CPU.ActiveCfg = Release|Any CPU
		{495BACBA-D796-44CF-ACBD-3678D4BF9679}.Release|Any CPU.Build.0 = Release|Any CPU
		{93EB904A-E929-4B6E-B135-8A34DB2E8CD8}.Debug|Any CPU.ActiveCfg = Debug|Any CPU
		{93EB904A-E929-4B6E-B135-8A34DB2E8CD8}.Debug|Any CPU.Build.0 = Debug|Any CPU
		{93EB904A-E929-4B6E-B135-8A34DB2E8CD8}.Release|Any CPU.ActiveCfg = Release|Any CPU
		{93EB904A-E929-4B6E-B135-8A34DB2E8CD8}.Release|Any CPU.Build.0 = Release|Any CPU
	EndGlobalSection
	GlobalSection(SolutionProperties) = preSolution
		HideSolutionNode = FALSE
	EndGlobalSection
	GlobalSection(NestedProjects) = preSolution
		{8D2014C8-8699-45A1-A47D-46B392678722} = {5243DE57-7C89-4208-8876-405E13605D16}
		{270305AD-6913-49C9-82E6-6D4713591DAB} = {5243DE57-7C89-4208-8876-405E13605D16}
		{325BCC90-44DF-40B7-ADAC-F2C0FCBE9525} = {5243DE57-7C89-4208-8876-405E13605D16}
		{80EAB768-C2FC-4D61-A185-5A51314B8505} = {5243DE57-7C89-4208-8876-405E13605D16}
		{CA2F82DA-6218-4520-AD21-6B7BC27414DD} = {5243DE57-7C89-4208-8876-405E13605D16}
		{495BACBA-D796-44CF-ACBD-3678D4BF9679} = {5243DE57-7C89-4208-8876-405E13605D16}
		{93EB904A-E929-4B6E-B135-8A34DB2E8CD8} = {5243DE57-7C89-4208-8876-405E13605D16}
	EndGlobalSection
EndGlobal
