
Microsoft Visual Studio Solution File, Format Version 12.00
# Visual Studio 15
VisualStudioVersion = 15.0.27130.2010
MinimumVisualStudioVersion = 10.0.40219.1
Project("{FAE04EC0-301F-11D3-BF4B-00C04F79EFBC}") = "src\cloudscribe.SimpleContent.Web.Tests", "src\cloudscribe.SimpleContent.Web.Tests\cloudscribe.SimpleContent.Web.Tests.csproj", "{98973707-CBDB-4BD6-8F0D-0910C636AC2D}"
EndProject
Project("{9A19103F-16F7-4668-BE54-9A1E7A4F7556}") = "src\cloudscribe.SimpleContent.Web", "src\cloudscribe.SimpleContent.Web\cloudscribe.SimpleContent.Web.csproj", "{A34E8525-5BAB-4421-A816-8620F23C3661}"
EndProject
Project("{9A19103F-16F7-4668-BE54-9A1E7A4F7556}") = "src\cloudscribe.SimpleContent.Models", "src\cloudscribe.SimpleContent.Models\cloudscribe.SimpleContent.Models.csproj", "{ACA2CA72-006D-448B-BC0B-586E2D8C8C13}"
EndProject
Global
	GlobalSection(SolutionConfigurationPlatforms) = preSolution
		Debug|Any CPU = Debug|Any CPU
		Release|Any CPU = Release|Any CPU
	EndGlobalSection
	GlobalSection(ProjectConfigurationPlatforms) = postSolution
		{98973707-CBDB-4BD6-8F0D-0910C636AC2D}.Debug|Any CPU.ActiveCfg = Debug|Any CPU
		{98973707-CBDB-4BD6-8F0D-0910C636AC2D}.Debug|Any CPU.Build.0 = Debug|Any CPU
		{98973707-CBDB-4BD6-8F0D-0910C636AC2D}.Release|Any CPU.ActiveCfg = Release|Any CPU
		{98973707-CBDB-4BD6-8F0D-0910C636AC2D}.Release|Any CPU.Build.0 = Release|Any CPU
		{A34E8525-5BAB-4421-A816-8620F23C3661}.Debug|Any CPU.ActiveCfg = Debug|Any CPU
		{A34E8525-5BAB-4421-A816-8620F23C3661}.Debug|Any CPU.Build.0 = Debug|Any CPU
		{A34E8525-5BAB-4421-A816-8620F23C3661}.Release|Any CPU.ActiveCfg = Release|Any CPU
		{A34E8525-5BAB-4421-A816-8620F23C3661}.Release|Any CPU.Build.0 = Release|Any CPU
		{ACA2CA72-006D-448B-BC0B-586E2D8C8C13}.Debug|Any CPU.ActiveCfg = Debug|Any CPU
		{ACA2CA72-006D-448B-BC0B-586E2D8C8C13}.Debug|Any CPU.Build.0 = Debug|Any CPU
		{ACA2CA72-006D-448B-BC0B-586E2D8C8C13}.Release|Any CPU.ActiveCfg = Release|Any CPU
		{ACA2CA72-006D-448B-BC0B-586E2D8C8C13}.Release|Any CPU.Build.0 = Release|Any CPU
	EndGlobalSection
	GlobalSection(SolutionProperties) = preSolution
		HideSolutionNode = FALSE
	EndGlobalSection
	GlobalSection(ExtensibilityGlobals) = postSolution
		SolutionGuid = {7DDE87AE-A3D8-4809-BE21-8FB6A696088A}
	EndGlobalSection
EndGlobal
